{
  "version": 4,
  "terraform_version": "1.12.2",
  "serial": 19,
  "lineage": "3adb0213-1e3f-bebd-f01f-dcab818c5c83",
  "outputs": {},
  "resources": [
    {
      "mode": "managed",
      "type": "docker_image",
      "name": "node_backend",
      "provider": "provider[\"registry.terraform.io/kreuzwerker/docker\"]",
      "instances": [
        {
          "schema_version": 0,
          "attributes": {
            "build": [],
            "force_remove": null,
            "id": "sha256:d05db19b2fc951de57277a69bef61300129cfa87385b241b9201db91f01376eanode:20",
            "image_id": "sha256:d05db19b2fc951de57277a69bef61300129cfa87385b241b9201db91f01376ea",
            "keep_locally": false,
            "name": "node:20",
            "platform": null,
            "pull_triggers": null,
            "repo_digest": "node@sha256:dc2a18571982a2d76e61e5fa823c65013f6ee2c58a24d764db4e757c688b01b0",
            "triggers": null
          },
          "sensitive_attributes": [],
          "identity_schema_version": 0,
          "private": "bnVsbA=="
        }
      ]
    }
  ],
  "check_results": null
}
